{
  "version": 4,
  "terraform_version": "0.13.5",
  "serial": 18,
  "lineage": "3744aa7d-f009-d92d-d60b-9e78e090e3a4",
  "outputs": {},
  "resources": [
    {
      "mode": "managed",
      "type": "aws_instance",
      "name": "web",
      "provider": "provider[\"registry.terraform.io/hashicorp/aws\"]",
      "instances": [
        {
          "schema_version": 1,
          "attributes": {
            "ami": "ami-03c3a7e4263fd998c",
            "arn": "arn:aws:ec2:eu-central-1:678878256416:instance/i-037bf6ec4db31cd85",
            "associate_public_ip_address": true,
            "availability_zone": "eu-central-1b",
            "cpu_core_count": 1,
            "cpu_threads_per_core": 1,
            "credit_specification": [
              {
                "cpu_credits": "standard"
              }
            ],
            "disable_api_termination": false,
            "ebs_block_device": [],
            "ebs_optimized": false,
            "enclave_options": [
              {
                "enabled": false
              }
            ],
            "ephemeral_block_device": [],
            "get_password_data": false,
            "hibernation": false,
            "host_id": null,
            "iam_instance_profile": "",
            "id": "i-037bf6ec4db31cd85",
            "instance_initiated_shutdown_behavior": null,
            "instance_state": "running",
            "instance_type": "t2.micro",
            "ipv6_address_count": 0,
            "ipv6_addresses": [],
            "key_name": "danish_ec2_key",
            "metadata_options": [
              {
                "http_endpoint": "enabled",
                "http_put_response_hop_limit": 1,
                "http_tokens": "optional"
              }
            ],
            "monitoring": false,
            "network_interface": [],
            "outpost_arn": "",
            "password_data": "",
            "placement_group": "",
            "primary_network_interface_id": "eni-09b8a74675764ac1d",
            "private_dns": "ip-172-31-35-215.eu-central-1.compute.internal",
            "private_ip": "172.31.35.215",
            "public_dns": "ec2-18-156-177-168.eu-central-1.compute.amazonaws.com",
            "public_ip": "18.156.177.168",
            "root_block_device": [
              {
                "delete_on_termination": true,
                "device_name": "/dev/xvda",
                "encrypted": false,
                "iops": 100,
                "kms_key_id": "",
                "throughput": 0,
                "volume_id": "vol-00192244e09fc36e5",
                "volume_size": 8,
                "volume_type": "gp2"
              }
            ],
            "secondary_private_ips": [],
            "security_groups": [
              "danish-sg"
            ],
            "source_dest_check": true,
            "subnet_id": "subnet-03d9317f",
            "tags": {
              "Environment": "Dev",
              "Name": "Danish"
            },
            "tenancy": "default",
            "timeouts": null,
            "user_data": null,
            "user_data_base64": null,
            "volume_tags": {},
            "vpc_security_group_ids": [
              "sg-00378abfb71a27aca"
            ]
          },
          "private": "eyJlMmJmYjczMC1lY2FhLTExZTYtOGY4OC0zNDM2M2JjN2M0YzAiOnsiY3JlYXRlIjo2MDAwMDAwMDAwMDAsImRlbGV0ZSI6MTIwMDAwMDAwMDAwMCwidXBkYXRlIjo2MDAwMDAwMDAwMDB9LCJzY2hlbWFfdmVyc2lvbiI6IjEifQ==",
          "dependencies": [
            "aws_key_pair.danishkey",
            "aws_security_group.danishsg"
          ]
        }
      ]
    },
    {
      "mode": "managed",
      "type": "aws_key_pair",
      "name": "danishkey",
      "provider": "provider[\"registry.terraform.io/hashicorp/aws\"]",
      "instances": [
        {
          "schema_version": 1,
          "attributes": {
            "arn": "arn:aws:ec2:eu-central-1:678878256416:key-pair/danish_ec2_key",
            "fingerprint": "8b:b9:e5:c2:bb:b0:95:84:e8:f5:ae:b8:ea:7d:a5:3c",
            "id": "danish_ec2_key",
            "key_name": "danish_ec2_key",
            "key_name_prefix": null,
            "key_pair_id": "key-0b0d059d6e7e3d76e",
            "public_key": "ssh-rsa AAAAB3NzaC1yc2EAAAADAQABAAABAQDB5QOyNq0jV5ErI9ww20/KAna70vGkUqiPWA9i8kmIv4Krq3zxjk3+MznYmtYsYDexnQvk2mnv9HnxSps9W0tUR295HqJKbILnmiN2yyqlQZrO1RWeoX+azkTH6WTo/sUs9kAqX2Ou/dhG0nfEB69+laX2k2UxFPkGnIJWFGNckwL2RFfB2C3xCQBvGKiOaEoOwvbqBSDmSbx7MV+KgEYpheQ8UzE5V24oHG976IC0E1taTLzWF2KOD2apqZme0KQr6m0pqFPo1dDRIybPX4t8R8rcZhQsDwBPuT/kZK+g2TxfXaeD8qIEWXHbIwPvN9t7hwfYHX4Z89ByIUz2JpFB salman@DESKTOP-RBA569P",
            "tags": null
          },
          "private": "eyJzY2hlbWFfdmVyc2lvbiI6IjEifQ=="
        }
      ]
    },
    {
      "mode": "managed",
      "type": "aws_security_group",
      "name": "danishsg",
      "provider": "provider[\"registry.terraform.io/hashicorp/aws\"]",
      "instances": [
        {
          "schema_version": 1,
          "attributes": {
            "arn": "arn:aws:ec2:eu-central-1:678878256416:security-group/sg-00378abfb71a27aca",
            "description": "secuirty group for danish machine",
            "egress": [
              {
                "cidr_blocks": [
                  "0.0.0.0/0"
                ],
                "description": "",
                "from_port": 0,
                "ipv6_cidr_blocks": [],
                "prefix_list_ids": [],
                "protocol": "-1",
                "security_groups": [],
                "self": false,
                "to_port": 0
              }
            ],
            "id": "sg-00378abfb71a27aca",
            "ingress": [
              {
                "cidr_blocks": [
                  "0.0.0.0/0"
                ],
                "description": "ssh port",
                "from_port": 22,
                "ipv6_cidr_blocks": [],
                "prefix_list_ids": [],
                "protocol": "tcp",
                "security_groups": [],
                "self": false,
                "to_port": 22
              }
            ],
            "name": "danish-sg",
            "name_prefix": "",
            "owner_id": "678878256416",
            "revoke_rules_on_delete": false,
            "tags": null,
            "timeouts": null,
            "vpc_id": "vpc-26408a4c"
          },
          "private": "eyJlMmJmYjczMC1lY2FhLTExZTYtOGY4OC0zNDM2M2JjN2M0YzAiOnsiY3JlYXRlIjo2MDAwMDAwMDAwMDAsImRlbGV0ZSI6NjAwMDAwMDAwMDAwfSwic2NoZW1hX3ZlcnNpb24iOiIxIn0="
        }
      ]
    }
  ]
}
